Microsoft Visual Studio Solution File, Format Version 11.00
# Visual Studio 2019

Project("{8BC9CEB8-8B4A-11D0-8D11-00A0C91BC942}") = "AjatarDelay - Standalone Plugin", "AjatarDelay_StandalonePlugin.vcxproj", "{60D36262-A9BE-D116-E3A1-C69E42D082F1}"
	ProjectSection(ProjectDependencies) = postProject
		{A1772722-249E-5B3D-D3E4-49B3D24739B0} = {A1772722-249E-5B3D-D3E4-49B3D24739B0}
	EndProjectSection
EndProject
Project("{8BC9CEB8-8B4A-11D0-8D11-00A0C91BC942}") = "AjatarDelay - VST3", "AjatarDelay_VST3.vcxproj", "{B1446874-6C7F-A22D-0366-A246FDAEFF54}"
	ProjectSection(ProjectDependencies) = postProject
		{A1772722-249E-5B3D-D3E4-49B3D24739B0} = {A1772722-249E-5B3D-D3E4-49B3D24739B0}
	EndProjectSection
EndProject
Project("{8BC9CEB8-8B4A-11D0-8D11-00A0C91BC942}") = "AjatarDelay - Shared Code", "AjatarDelay_SharedCode.vcxproj", "{A1772722-249E-5B3D-D3E4-49B3D24739B0}"
EndProject
Global
	GlobalSection(SolutionConfigurationPlatforms) = preSolution
		Debug|x64 = Debug|x64
		Release|x64 = Release|x64
	EndGlobalSection
	GlobalSection(ProjectConfigurationPlatforms) = postSolution
		{B1446874-6C7F-A22D-0366-A246FDAEFF54}.Debug|x64.ActiveCfg = Debug|x64
		{B1446874-6C7F-A22D-0366-A246FDAEFF54}.Debug|x64.Build.0 = Debug|x64
		{B1446874-6C7F-A22D-0366-A246FDAEFF54}.Release|x64.ActiveCfg = Release|x64
		{B1446874-6C7F-A22D-0366-A246FDAEFF54}.Release|x64.Build.0 = Release|x64
		{60D36262-A9BE-D116-E3A1-C69E42D082F1}.Debug|x64.ActiveCfg = Debug|x64
		{60D36262-A9BE-D116-E3A1-C69E42D082F1}.Debug|x64.Build.0 = Debug|x64
		{60D36262-A9BE-D116-E3A1-C69E42D082F1}.Release|x64.ActiveCfg = Release|x64
		{60D36262-A9BE-D116-E3A1-C69E42D082F1}.Release|x64.Build.0 = Release|x64
		{A1772722-249E-5B3D-D3E4-49B3D24739B0}.Debug|x64.ActiveCfg = Debug|x64
		{A1772722-249E-5B3D-D3E4-49B3D24739B0}.Debug|x64.Build.0 = Debug|x64
		{A1772722-249E-5B3D-D3E4-49B3D24739B0}.Release|x64.ActiveCfg = Release|x64
		{A1772722-249E-5B3D-D3E4-49B3D24739B0}.Release|x64.Build.0 = Release|x64
	EndGlobalSection
	GlobalSection(SolutionProperties) = preSolution
		HideSolutionNode = FALSE
	EndGlobalSection
EndGlobal
